// !$*UTF8*$!
{
	archiveVersion = 1;
	classes = {};
	objectVersion = 56;
	objects = {

/* Begin PBXBuildFile section */
		B00100000000000000000001 /* SelahApp.swift in Sources */ = {isa = PBXBuildFile; fileRef = C00100000000000000000001 /* SelahApp.swift */; };
		B00100000000000000000002 /* AppModel.swift in Sources */ = {isa = PBXBuildFile; fileRef = C00100000000000000000002 /* AppModel.swift */; };
		B00100000000000000000003 /* Verse.swift in Sources */ = {isa = PBXBuildFile; fileRef = C00100000000000000000003 /* Verse.swift */; };
		B00100000000000000000004 /* BibleRepository.swift in Sources */ = {isa = PBXBuildFile; fileRef = C00100000000000000000004 /* BibleRepository.swift */; };
		B00100000000000000000005 /* DailyVerseSelector.swift in Sources */ = {isa = PBXBuildFile; fileRef = C00100000000000000000005 /* DailyVerseSelector.swift */; };
		B00100000000000000000006 /* PersistenceStore.swift in Sources */ = {isa = PBXBuildFile; fileRef = C00100000000000000000006 /* PersistenceStore.swift */; };
		B00100000000000000000007 /* VersePopoverView.swift in Sources */ = {isa = PBXBuildFile; fileRef = C00100000000000000000007 /* VersePopoverView.swift */; };
		B00100000000000000000008 /* Components.swift in Sources */ = {isa = PBXBuildFile; fileRef = C00100000000000000000008 /* Components.swift */; };
		B00100000000000000000009 /* SettingsView.swift in Sources */ = {isa = PBXBuildFile; fileRef = C00100000000000000000009 /* SettingsView.swift */; };
		B0010000000000000000000A /* Assets.xcassets in Resources */ = {isa = PBXBuildFile; fileRef = C0010000000000000000000A /* Assets.xcassets */; };
		B0010000000000000000000B /* bible_web.json in Resources */ = {isa = PBXBuildFile; fileRef = C0010000000000000000000B /* bible_web.json */; };
		B0010000000000000000000E /* PrivacyInfo.xcprivacy in Resources */ = {isa = PBXBuildFile; fileRef = C00100000000000000000010 /* PrivacyInfo.xcprivacy */; };
		B0010000000000000000000C /* SelahTests.swift in Sources */ = {isa = PBXBuildFile; fileRef = C0010000000000000000000D /* SelahTests.swift */; };
		B0010000000000000000000D /* SelahUITests.swift in Sources */ = {isa = PBXBuildFile; fileRef = C0010000000000000000000E /* SelahUITests.swift */; };
/* End PBXBuildFile section */

/* Begin PBXContainerItemProxy section */
		A10000000000000000000001 = {isa = PBXContainerItemProxy; containerPortal = A00000000000000000000001 /* Project object */; proxyType = 1; remoteGlobalIDString = E00100000000000000000001; remoteInfo = Selah; };
		A10000000000000000000002 = {isa = PBXContainerItemProxy; containerPortal = A00000000000000000000001 /* Project object */; proxyType = 1; remoteGlobalIDString = E00100000000000000000001; remoteInfo = Selah; };
/* End PBXContainerItemProxy section */

/* Begin PBXFileReference section */
		C00100000000000000000001 /* SelahApp.swift */ = {isa = PBXFileReference; lastKnownFileType = sourcecode.swift; path = SelahApp.swift; sourceTree = "<group>"; };
		C00100000000000000000002 /* AppModel.swift */ = {isa = PBXFileReference; lastKnownFileType = sourcecode.swift; path = AppModel.swift; sourceTree = "<group>"; };
		C00100000000000000000003 /* Verse.swift */ = {isa = PBXFileReference; lastKnownFileType = sourcecode.swift; path = Verse.swift; sourceTree = "<group>"; };
		C00100000000000000000004 /* BibleRepository.swift */ = {isa = PBXFileReference; lastKnownFileType = sourcecode.swift; path = BibleRepository.swift; sourceTree = "<group>"; };
		C00100000000000000000005 /* DailyVerseSelector.swift */ = {isa = PBXFileReference; lastKnownFileType = sourcecode.swift; path = DailyVerseSelector.swift; sourceTree = "<group>"; };
		C00100000000000000000006 /* PersistenceStore.swift */ = {isa = PBXFileReference; lastKnownFileType = sourcecode.swift; path = PersistenceStore.swift; sourceTree = "<group>"; };
		C00100000000000000000007 /* VersePopoverView.swift */ = {isa = PBXFileReference; lastKnownFileType = sourcecode.swift; path = VersePopoverView.swift; sourceTree = "<group>"; };
		C00100000000000000000008 /* Components.swift */ = {isa = PBXFileReference; lastKnownFileType = sourcecode.swift; path = Components.swift; sourceTree = "<group>"; };
		C00100000000000000000009 /* SettingsView.swift */ = {isa = PBXFileReference; lastKnownFileType = sourcecode.swift; path = SettingsView.swift; sourceTree = "<group>"; };
		C0010000000000000000000A /* Assets.xcassets */ = {isa = PBXFileReference; lastKnownFileType = folder.assetcatalog; path = Assets.xcassets; sourceTree = "<group>"; };
		C0010000000000000000000B /* bible_web.json */ = {isa = PBXFileReference; lastKnownFileType = text.json; path = bible_web.json; sourceTree = "<group>"; };
		C0010000000000000000000C /* Info.plist */ = {isa = PBXFileReference; lastKnownFileType = text.plist.xml; path = Info.plist; sourceTree = "<group>"; };
		C0010000000000000000000F /* Selah.entitlements */ = {isa = PBXFileReference; lastKnownFileType = text.plist.entitlements; path = Selah.entitlements; sourceTree = "<group>"; };
		C00100000000000000000010 /* PrivacyInfo.xcprivacy */ = {isa = PBXFileReference; lastKnownFileType = text.plist.xml; path = PrivacyInfo.xcprivacy; sourceTree = "<group>"; };
		C0010000000000000000000D /* SelahTests.swift */ = {isa = PBXFileReference; lastKnownFileType = sourcecode.swift; path = SelahTests.swift; sourceTree = "<group>"; };
		C0010000000000000000000E /* SelahUITests.swift */ = {isa = PBXFileReference; lastKnownFileType = sourcecode.swift; path = SelahUITests.swift; sourceTree = "<group>"; };
		C10000000000000000000001 /* Selah.app */ = {isa = PBXFileReference; explicitFileType = wrapper.application; includeInIndex = 0; path = Selah.app; sourceTree = BUILT_PRODUCTS_DIR; };
		C10000000000000000000002 /* SelahTests.xctest */ = {isa = PBXFileReference; explicitFileType = wrapper.cfbundle; includeInIndex = 0; path = SelahTests.xctest; sourceTree = BUILT_PRODUCTS_DIR; };
		C10000000000000000000003 /* SelahUITests.xctest */ = {isa = PBXFileReference; explicitFileType = wrapper.cfbundle; includeInIndex = 0; path = SelahUITests.xctest; sourceTree = BUILT_PRODUCTS_DIR; };
/* End PBXFileReference section */

/* Begin PBXFrameworksBuildPhase section */
		F00300000000000000000001 = {isa = PBXFrameworksBuildPhase; buildActionMask = 2147483647; files = (); runOnlyForDeploymentPostprocessing = 0; };
		F00300000000000000000002 = {isa = PBXFrameworksBuildPhase; buildActionMask = 2147483647; files = (); runOnlyForDeploymentPostprocessing = 0; };
		F00300000000000000000003 = {isa = PBXFrameworksBuildPhase; buildActionMask = 2147483647; files = (); runOnlyForDeploymentPostprocessing = 0; };
/* End PBXFrameworksBuildPhase section */

/* Begin PBXGroup section */
		D00000000000000000000001 = {isa = PBXGroup; children = (D00100000000000000000001 /* Selah */, D00100000000000000000007 /* SelahTests */, D00100000000000000000008 /* SelahUITests */, D00100000000000000000006 /* Products */); sourceTree = "<group>"; };
		D00100000000000000000001 /* Selah */ = {isa = PBXGroup; children = (D00100000000000000000002 /* App */, D00100000000000000000003 /* Models */, D00100000000000000000004 /* Services */, D00100000000000000000005 /* Views */, C0010000000000000000000A /* Assets.xcassets */, D00100000000000000000009 /* Resources */, C0010000000000000000000C /* Info.plist */, C0010000000000000000000F /* Selah.entitlements */, C00100000000000000000010 /* PrivacyInfo.xcprivacy */); path = Selah; sourceTree = "<group>"; };
		D00100000000000000000002 /* App */ = {isa = PBXGroup; children = (C00100000000000000000001, C00100000000000000000002); path = App; sourceTree = "<group>"; };
		D00100000000000000000003 /* Models */ = {isa = PBXGroup; children = (C00100000000000000000003); path = Models; sourceTree = "<group>"; };
		D00100000000000000000004 /* Services */ = {isa = PBXGroup; children = (C00100000000000000000004, C00100000000000000000005, C00100000000000000000006); path = Services; sourceTree = "<group>"; };
		D00100000000000000000005 /* Views */ = {isa = PBXGroup; children = (C00100000000000000000007, C00100000000000000000008, C00100000000000000000009); path = Views; sourceTree = "<group>"; };
		D00100000000000000000006 /* Products */ = {isa = PBXGroup; children = (C10000000000000000000001, C10000000000000000000002, C10000000000000000000003); name = Products; sourceTree = "<group>"; };
		D00100000000000000000007 /* SelahTests */ = {isa = PBXGroup; children = (C0010000000000000000000D); path = SelahTests; sourceTree = "<group>"; };
		D00100000000000000000008 /* SelahUITests */ = {isa = PBXGroup; children = (C0010000000000000000000E); path = SelahUITests; sourceTree = "<group>"; };
		D00100000000000000000009 /* Resources */ = {isa = PBXGroup; children = (C0010000000000000000000B); path = Resources; sourceTree = "<group>"; };
/* End PBXGroup section */

/* Begin PBXNativeTarget section */
		E00100000000000000000001 /* Selah */ = {isa = PBXNativeTarget; buildConfigurationList = G10000000000000000000001; buildPhases = (F00100000000000000000001, F00300000000000000000001, F00200000000000000000001); buildRules = (); dependencies = (); name = Selah; productName = Selah; productReference = C10000000000000000000001; productType = "com.apple.product-type.application"; };
		E00100000000000000000002 /* SelahTests */ = {isa = PBXNativeTarget; buildConfigurationList = G10000000000000000000002; buildPhases = (F00100000000000000000002, F00300000000000000000002, F00200000000000000000002); buildRules = (); dependencies = (A20000000000000000000001); name = SelahTests; productName = SelahTests; productReference = C10000000000000000000002; productType = "com.apple.product-type.bundle.unit-test"; };
		E00100000000000000000003 /* SelahUITests */ = {isa = PBXNativeTarget; buildConfigurationList = G10000000000000000000003; buildPhases = (F00100000000000000000003, F00300000000000000000003, F00200000000000000000003); buildRules = (); dependencies = (A20000000000000000000002); name = SelahUITests; productName = SelahUITests; productReference = C10000000000000000000003; productType = "com.apple.product-type.bundle.ui-testing"; };
/* End PBXNativeTarget section */

/* Begin PBXProject section */
		A00000000000000000000001 /* Project object */ = {isa = PBXProject; attributes = {BuildIndependentTargetsInParallel = 1; LastSwiftUpdateCheck = 2630; LastUpgradeCheck = 2630; TargetAttributes = {E00100000000000000000001 = {CreatedOnToolsVersion = 26.3; }; E00100000000000000000002 = {CreatedOnToolsVersion = 26.3; TestTargetID = E00100000000000000000001; }; E00100000000000000000003 = {CreatedOnToolsVersion = 26.3; TestTargetID = E00100000000000000000001; }; }; }; buildConfigurationList = G00000000000000000000001; compatibilityVersion = "Xcode 14.0"; developmentRegion = en; hasScannedForEncodings = 0; knownRegions = (en, Base); mainGroup = D00000000000000000000001; productRefGroup = D00100000000000000000006; projectDirPath = ""; projectRoot = ""; targets = (E00100000000000000000001, E00100000000000000000002, E00100000000000000000003); };
/* End PBXProject section */

/* Begin PBXResourcesBuildPhase section */
		F00200000000000000000001 = {isa = PBXResourcesBuildPhase; buildActionMask = 2147483647; files = (B0010000000000000000000A, B0010000000000000000000B, B0010000000000000000000E); runOnlyForDeploymentPostprocessing = 0; };
		F00200000000000000000002 = {isa = PBXResourcesBuildPhase; buildActionMask = 2147483647; files = (); runOnlyForDeploymentPostprocessing = 0; };
		F00200000000000000000003 = {isa = PBXResourcesBuildPhase; buildActionMask = 2147483647; files = (); runOnlyForDeploymentPostprocessing = 0; };
/* End PBXResourcesBuildPhase section */

/* Begin PBXSourcesBuildPhase section */
		F00100000000000000000001 = {isa = PBXSourcesBuildPhase; buildActionMask = 2147483647; files = (B00100000000000000000001, B00100000000000000000002, B00100000000000000000003, B00100000000000000000004, B00100000000000000000005, B00100000000000000000006, B00100000000000000000007, B00100000000000000000008, B00100000000000000000009); runOnlyForDeploymentPostprocessing = 0; };
		F00100000000000000000002 = {isa = PBXSourcesBuildPhase; buildActionMask = 2147483647; files = (B0010000000000000000000C); runOnlyForDeploymentPostprocessing = 0; };
		F00100000000000000000003 = {isa = PBXSourcesBuildPhase; buildActionMask = 2147483647; files = (B0010000000000000000000D); runOnlyForDeploymentPostprocessing = 0; };
/* End PBXSourcesBuildPhase section */

/* Begin PBXTargetDependency section */
		A20000000000000000000001 = {isa = PBXTargetDependency; target = E00100000000000000000001; targetProxy = A10000000000000000000001; };
		A20000000000000000000002 = {isa = PBXTargetDependency; target = E00100000000000000000001; targetProxy = A10000000000000000000002; };
/* End PBXTargetDependency section */

/* Begin XCBuildConfiguration section */
		G00100000000000000000001 = {isa = XCBuildConfiguration; buildSettings = {ALWAYS_SEARCH_USER_PATHS = NO; CLANG_ENABLE_MODULES = YES; CLANG_ENABLE_OBJC_ARC = YES; COPY_PHASE_STRIP = NO; DEBUG_INFORMATION_FORMAT = dwarf; ENABLE_TESTABILITY = YES; GCC_C_LANGUAGE_STANDARD = gnu17; MACOSX_DEPLOYMENT_TARGET = 13.0; ONLY_ACTIVE_ARCH = YES; SDKROOT = macosx; SWIFT_ACTIVE_COMPILATION_CONDITIONS = "DEBUG $(inherited)"; SWIFT_OPTIMIZATION_LEVEL = "-Onone"; }; name = Debug; };
		G00100000000000000000002 = {isa = XCBuildConfiguration; buildSettings = {ALWAYS_SEARCH_USER_PATHS = NO; CLANG_ENABLE_MODULES = YES; CLANG_ENABLE_OBJC_ARC = YES; COPY_PHASE_STRIP = NO; DEBUG_INFORMATION_FORMAT = "dwarf-with-dsym"; ENABLE_NS_ASSERTIONS = NO; GCC_C_LANGUAGE_STANDARD = gnu17; MACOSX_DEPLOYMENT_TARGET = 13.0; SDKROOT = macosx; SWIFT_COMPILATION_MODE = wholemodule; SWIFT_OPTIMIZATION_LEVEL = "-O"; }; name = Release; };
		G10100000000000000000001 = {isa = XCBuildConfiguration; buildSettings = {ASSETCATALOG_COMPILER_APPICON_NAME = AppIcon; CODE_SIGN_ENTITLEMENTS = Selah/Selah.entitlements; CODE_SIGN_IDENTITY = "Apple Development"; CODE_SIGN_STYLE = Automatic; COMBINE_HIDPI_IMAGES = YES; CURRENT_PROJECT_VERSION = 1; DEVELOPMENT_TEAM = 366S6S3JZD; ENABLE_APP_SANDBOX = YES; GENERATE_INFOPLIST_FILE = NO; INFOPLIST_FILE = Selah/Info.plist; MARKETING_VERSION = 1.0; PRODUCT_BUNDLE_IDENTIFIER = com.fivecapps.selah; PRODUCT_NAME = "$(TARGET_NAME)"; SWIFT_EMIT_LOC_STRINGS = YES; SWIFT_VERSION = 6.0; }; name = Debug; };
		G10100000000000000000002 = {isa = XCBuildConfiguration; buildSettings = {ASSETCATALOG_COMPILER_APPICON_NAME = AppIcon; CODE_SIGN_ENTITLEMENTS = Selah/Selah.entitlements; CODE_SIGN_IDENTITY = "Apple Development"; CODE_SIGN_STYLE = Automatic; COMBINE_HIDPI_IMAGES = YES; CURRENT_PROJECT_VERSION = 1; DEVELOPMENT_TEAM = 366S6S3JZD; ENABLE_APP_SANDBOX = YES; GENERATE_INFOPLIST_FILE = NO; INFOPLIST_FILE = Selah/Info.plist; MARKETING_VERSION = 1.0; PRODUCT_BUNDLE_IDENTIFIER = com.fivecapps.selah; PRODUCT_NAME = "$(TARGET_NAME)"; SWIFT_EMIT_LOC_STRINGS = YES; SWIFT_VERSION = 6.0; }; name = Release; };
		G10200000000000000000001 = {isa = XCBuildConfiguration; buildSettings = {BUNDLE_LOADER = "$(TEST_HOST)"; CODE_SIGNING_ALLOWED = NO; GENERATE_INFOPLIST_FILE = YES; PRODUCT_BUNDLE_IDENTIFIER = com.fivecapps.selah.tests; PRODUCT_NAME = "$(TARGET_NAME)"; SWIFT_VERSION = 6.0; TEST_HOST = "$(BUILT_PRODUCTS_DIR)/Selah.app/Contents/MacOS/Selah"; }; name = Debug; };
		G10200000000000000000002 = {isa = XCBuildConfiguration; buildSettings = {BUNDLE_LOADER = "$(TEST_HOST)"; CODE_SIGNING_ALLOWED = NO; GENERATE_INFOPLIST_FILE = YES; PRODUCT_BUNDLE_IDENTIFIER = com.fivecapps.selah.tests; PRODUCT_NAME = "$(TARGET_NAME)"; SWIFT_VERSION = 6.0; TEST_HOST = "$(BUILT_PRODUCTS_DIR)/Selah.app/Contents/MacOS/Selah"; }; name = Release; };
		G10300000000000000000001 = {isa = XCBuildConfiguration; buildSettings = {CODE_SIGNING_ALLOWED = NO; GENERATE_INFOPLIST_FILE = YES; PRODUCT_BUNDLE_IDENTIFIER = com.fivecapps.selah.uitests; PRODUCT_NAME = "$(TARGET_NAME)"; SWIFT_VERSION = 6.0; TEST_TARGET_NAME = Selah; }; name = Debug; };
		G10300000000000000000002 = {isa = XCBuildConfiguration; buildSettings = {CODE_SIGNING_ALLOWED = NO; GENERATE_INFOPLIST_FILE = YES; PRODUCT_BUNDLE_IDENTIFIER = com.fivecapps.selah.uitests; PRODUCT_NAME = "$(TARGET_NAME)"; SWIFT_VERSION = 6.0; TEST_TARGET_NAME = Selah; }; name = Release; };
/* End XCBuildConfiguration section */

/* Begin XCConfigurationList section */
		G00000000000000000000001 = {isa = XCConfigurationList; buildConfigurations = (G00100000000000000000001, G00100000000000000000002); defaultConfigurationIsVisible = 0; defaultConfigurationName = Release; };
		G10000000000000000000001 = {isa = XCConfigurationList; buildConfigurations = (G10100000000000000000001, G10100000000000000000002); defaultConfigurationIsVisible = 0; defaultConfigurationName = Release; };
		G10000000000000000000002 = {isa = XCConfigurationList; buildConfigurations = (G10200000000000000000001, G10200000000000000000002); defaultConfigurationIsVisible = 0; defaultConfigurationName = Release; };
		G10000000000000000000003 = {isa = XCConfigurationList; buildConfigurations = (G10300000000000000000001, G10300000000000000000002); defaultConfigurationIsVisible = 0; defaultConfigurationName = Release; };
/* End XCConfigurationList section */
	};
	rootObject = A00000000000000000000001 /* Project object */;
}
